// !$*UTF8*$!
{
	archiveVersion = 1;
	classes = {
	};
	objectVersion = 46;
	objects = {

/* Begin PBXBuildFile section */
		7656F05B1C6BDEB4003DC7D4 /* StringExtensions.swift in Sources */ = {isa = PBXBuildFile; fileRef = 7656F05A1C6BDEB4003DC7D4 /* StringExtensions.swift */; };
		7656F05D1C6BE02E003DC7D4 /* MCOIndexSetExtension.swift in Sources */ = {isa = PBXBuildFile; fileRef = 7656F05C1C6BE02E003DC7D4 /* MCOIndexSetExtension.swift */; };
		765B4EF51C68EF9E0013C5DD /* main.swift in Sources */ = {isa = PBXBuildFile; fileRef = 765B4EF41C68EF9E0013C5DD /* main.swift */; };
		765B4F011C68F6E20013C5DD /* CountdownLatch.swift in Sources */ = {isa = PBXBuildFile; fileRef = 765B4F001C68F6E20013C5DD /* CountdownLatch.swift */; };
		765B4F041C68F88C0013C5DD /* MailCore.framework in Frameworks */ = {isa = PBXBuildFile; fileRef = 765B4F021C68F88C0013C5DD /* MailCore.framework */; };
		765B4F051C68F88C0013C5DD /* MailCore.framework in Embed Frameworks */ = {isa = PBXBuildFile; fileRef = 765B4F021C68F88C0013C5DD /* MailCore.framework */; settings = {ATTRIBUTES = (CodeSignOnCopy, RemoveHeadersOnCopy, ); }; };
		765B4F061C68F88C0013C5DD /* SwiftyBeaver.framework in Frameworks */ = {isa = PBXBuildFile; fileRef = 765B4F031C68F88C0013C5DD /* SwiftyBeaver.framework */; };
		765B4F071C68F88C0013C5DD /* SwiftyBeaver.framework in Embed Frameworks */ = {isa = PBXBuildFile; fileRef = 765B4F031C68F88C0013C5DD /* SwiftyBeaver.framework */; settings = {ATTRIBUTES = (CodeSignOnCopy, RemoveHeadersOnCopy, ); }; };
		765B4F0E1C6902B10013C5DD /* MailCore.framework.dSYM in Copy Framework Debug Symbols */ = {isa = PBXBuildFile; fileRef = 765B4F0B1C6902B10013C5DD /* MailCore.framework.dSYM */; };
		765B4F0F1C6902B10013C5DD /* SwiftyBeaver.framework.dSYM in Copy Framework Debug Symbols */ = {isa = PBXBuildFile; fileRef = 765B4F0C1C6902B10013C5DD /* SwiftyBeaver.framework.dSYM */; };
		765B4F1D1C6948760013C5DD /* Config.swift in Sources */ = {isa = PBXBuildFile; fileRef = 765B4F1C1C6948760013C5DD /* Config.swift */; };
		765B4F211C6949ED0013C5DD /* IMAPServer.swift in Sources */ = {isa = PBXBuildFile; fileRef = 765B4F201C6949ED0013C5DD /* IMAPServer.swift */; };
/* End PBXBuildFile section */

/* Begin PBXCopyFilesBuildPhase section */
		765B4F081C68F88C0013C5DD /* Embed Frameworks */ = {
			isa = PBXCopyFilesBuildPhase;
			buildActionMask = 2147483647;
			dstPath = "";
			dstSubfolderSpec = 10;
			files = (
				765B4F051C68F88C0013C5DD /* MailCore.framework in Embed Frameworks */,
				765B4F071C68F88C0013C5DD /* SwiftyBeaver.framework in Embed Frameworks */,
			);
			name = "Embed Frameworks";
			runOnlyForDeploymentPostprocessing = 0;
		};
		765B4F091C69029A0013C5DD /* Copy Framework Debug Symbols */ = {
			isa = PBXCopyFilesBuildPhase;
			buildActionMask = 2147483647;
			dstPath = "";
			dstSubfolderSpec = 16;
			files = (
				765B4F0E1C6902B10013C5DD /* MailCore.framework.dSYM in Copy Framework Debug Symbols */,
				765B4F0F1C6902B10013C5DD /* SwiftyBeaver.framework.dSYM in Copy Framework Debug Symbols */,
			);
			name = "Copy Framework Debug Symbols";
			runOnlyForDeploymentPostprocessing = 0;
		};
/* End PBXCopyFilesBuildPhase section */

/* Begin PBXFileReference section */
		7603D95C1C68EF2A00D94086 /* imap-tools.app */ = {isa = PBXFileReference; explicitFileType = wrapper.application; includeInIndex = 0; path = "imap-tools.app"; sourceTree = BUILT_PRODUCTS_DIR; };
		7656F05A1C6BDEB4003DC7D4 /* StringExtensions.swift */ = {isa = PBXFileReference; fileEncoding = 4; lastKnownFileType = sourcecode.swift; name = StringExtensions.swift; path = Carthage/Checkouts/SwiftString/Pod/Classes/StringExtensions.swift; sourceTree = "<group>"; };
		7656F05C1C6BE02E003DC7D4 /* MCOIndexSetExtension.swift */ = {isa = PBXFileReference; fileEncoding = 4; lastKnownFileType = sourcecode.swift; name = MCOIndexSetExtension.swift; path = sources/MCOIndexSetExtension.swift; sourceTree = "<group>"; };
		765B4EF41C68EF9E0013C5DD /* main.swift */ = {isa = PBXFileReference; fileEncoding = 4; lastKnownFileType = sourcecode.swift; name = main.swift; path = sources/main.swift; sourceTree = "<group>"; };
		765B4EF81C68F1D40013C5DD /* imap-tools-Bridging-Header.h */ = {isa = PBXFileReference; fileEncoding = 4; lastKnownFileType = sourcecode.c.h; name = "imap-tools-Bridging-Header.h"; path = "resource/imap-tools-Bridging-Header.h"; sourceTree = "<group>"; };
		765B4EF91C68F1D40013C5DD /* Info.plist */ = {isa = PBXFileReference; fileEncoding = 4; lastKnownFileType = text.plist.xml; name = Info.plist; path = resource/Info.plist; sourceTree = "<group>"; };
		765B4EFA1C68F2830013C5DD /* Cartfile */ = {isa = PBXFileReference; fileEncoding = 4; lastKnownFileType = text; path = Cartfile; sourceTree = "<group>"; };
		765B4EFB1C68F2830013C5DD /* LICENSE.md */ = {isa = PBXFileReference; fileEncoding = 4; lastKnownFileType = net.daringfireball.markdown; path = LICENSE.md; sourceTree = "<group>"; };
		765B4EFC1C68F2830013C5DD /* README.md */ = {isa = PBXFileReference; fileEncoding = 4; lastKnownFileType = net.daringfireball.markdown; path = README.md; sourceTree = "<group>"; };
		765B4EFF1C68F2B00013C5DD /* .gitignore */ = {isa = PBXFileReference; fileEncoding = 4; lastKnownFileType = text; path = .gitignore; sourceTree = "<group>"; };
		765B4F001C68F6E20013C5DD /* CountdownLatch.swift */ = {isa = PBXFileReference; fileEncoding = 4; lastKnownFileType = sourcecode.swift; name = CountdownLatch.swift; path = sources/CountdownLatch.swift; sourceTree = "<group>"; };
		765B4F021C68F88C0013C5DD /* MailCore.framework */ = {isa = PBXFileReference; lastKnownFileType = wrapper.framework; name = MailCore.framework; path = Carthage/Build/Mac/MailCore.framework; sourceTree = "<group>"; };
		765B4F031C68F88C0013C5DD /* SwiftyBeaver.framework */ = {isa = PBXFileReference; lastKnownFileType = wrapper.framework; name = SwiftyBeaver.framework; path = Carthage/Build/Mac/SwiftyBeaver.framework; sourceTree = "<group>"; };
		765B4F0B1C6902B10013C5DD /* MailCore.framework.dSYM */ = {isa = PBXFileReference; lastKnownFileType = wrapper.dsym; name = MailCore.framework.dSYM; path = Carthage/Build/Mac/MailCore.framework.dSYM; sourceTree = "<group>"; };
		765B4F0C1C6902B10013C5DD /* SwiftyBeaver.framework.dSYM */ = {isa = PBXFileReference; lastKnownFileType = wrapper.dsym; name = SwiftyBeaver.framework.dSYM; path = Carthage/Build/Mac/SwiftyBeaver.framework.dSYM; sourceTree = "<group>"; };
		765B4F171C6910770013C5DD /* Cartfile.resolved */ = {isa = PBXFileReference; fileEncoding = 4; lastKnownFileType = text; path = Cartfile.resolved; sourceTree = "<group>"; };
		765B4F1C1C6948760013C5DD /* Config.swift */ = {isa = PBXFileReference; fileEncoding = 4; lastKnownFileType = sourcecode.swift; name = Config.swift; path = sources/Config.swift; sourceTree = "<group>"; };
		765B4F1E1C6949080013C5DD /* config-sample.plist */ = {isa = PBXFileReference; fileEncoding = 4; lastKnownFileType = text.plist.xml; path = "config-sample.plist"; sourceTree = "<group>"; };
		765B4F1F1C6949080013C5DD /* config.plist */ = {isa = PBXFileReference; fileEncoding = 4; lastKnownFileType = text.plist.xml; path = config.plist; sourceTree = "<group>"; };
		765B4F201C6949ED0013C5DD /* IMAPServer.swift */ = {isa = PBXFileReference; fileEncoding = 4; lastKnownFileType = sourcecode.swift; name = IMAPServer.swift; path = sources/IMAPServer.swift; sourceTree = "<group>"; };
/* End PBXFileReference section */

/* Begin PBXFrameworksBuildPhase section */
		7603D95A1C68EF2A00D94086 /* Frameworks */ = {
			isa = PBXFrameworksBuildPhase;
			buildActionMask = 2147483647;
			files = (
				765B4F041C68F88C0013C5DD /* MailCore.framework in Frameworks */,
				765B4F061C68F88C0013C5DD /* SwiftyBeaver.framework in Frameworks */,
			);
			runOnlyForDeploymentPostprocessing = 0;
		};
/* End PBXFrameworksBuildPhase section */

/* Begin PBXGroup section */
		7603D9541C68EF2A00D94086 = {
			isa = PBXGroup;
			children = (
				765B4EF71C68EFBA0013C5DD /* resource */,
				765B4EF61C68EFB30013C5DD /* source */,
				7603D95D1C68EF2A00D94086 /* Products */,
			);
			sourceTree = "<group>";
		};
		7603D95D1C68EF2A00D94086 /* Products */ = {
			isa = PBXGroup;
			children = (
				7603D95C1C68EF2A00D94086 /* imap-tools.app */,
			);
			name = Products;
			sourceTree = "<group>";
		};
		765B4EF61C68EFB30013C5DD /* source */ = {
			isa = PBXGroup;
			children = (
				7656F05A1C6BDEB4003DC7D4 /* StringExtensions.swift */,
				765B4F1C1C6948760013C5DD /* Config.swift */,
				765B4F001C68F6E20013C5DD /* CountdownLatch.swift */,
				765B4EF41C68EF9E0013C5DD /* main.swift */,
				765B4F201C6949ED0013C5DD /* IMAPServer.swift */,
				7656F05C1C6BE02E003DC7D4 /* MCOIndexSetExtension.swift */,
			);
			name = source;
			sourceTree = "<group>";
		};
		765B4EF71C68EFBA0013C5DD /* resource */ = {
			isa = PBXGroup;
			children = (
				765B4F1E1C6949080013C5DD /* config-sample.plist */,
				765B4F1F1C6949080013C5DD /* config.plist */,
				765B4F021C68F88C0013C5DD /* MailCore.framework */,
				765B4F031C68F88C0013C5DD /* SwiftyBeaver.framework */,
				765B4EFF1C68F2B00013C5DD /* .gitignore */,
				765B4EFC1C68F2830013C5DD /* README.md */,
				765B4EFB1C68F2830013C5DD /* LICENSE.md */,
				765B4EFA1C68F2830013C5DD /* Cartfile */,
				765B4F171C6910770013C5DD /* Cartfile.resolved */,
				765B4F0B1C6902B10013C5DD /* MailCore.framework.dSYM */,
				765B4F0C1C6902B10013C5DD /* SwiftyBeaver.framework.dSYM */,
				765B4EF81C68F1D40013C5DD /* imap-tools-Bridging-Header.h */,
				765B4EF91C68F1D40013C5DD /* Info.plist */,
			);
			name = resource;
			sourceTree = "<group>";
		};
/* End PBXGroup section */

/* Begin PBXNativeTarget section */
		7603D95B1C68EF2A00D94086 /* imap-tools */ = {
			isa = PBXNativeTarget;
			buildConfigurationList = 7603D9641C68EF2A00D94086 /* Build configuration list for PBXNativeTarget "imap-tools" */;
			buildPhases = (
				7603D9591C68EF2A00D94086 /* Sources */,
				7603D95A1C68EF2A00D94086 /* Frameworks */,
				765B4F081C68F88C0013C5DD /* Embed Frameworks */,
				765B4F091C69029A0013C5DD /* Copy Framework Debug Symbols */,
			);
			buildRules = (
			);
			dependencies = (
			);
			name = "imap-tools";
			productName = "imap-tools";
			productReference = 7603D95C1C68EF2A00D94086 /* imap-tools.app */;
			productType = "com.apple.product-type.application";
		};
/* End PBXNativeTarget section */

/* Begin PBXProject section */
		7603D9551C68EF2A00D94086 /* Project object */ = {
			isa = PBXProject;
			attributes = {
				LastSwiftUpdateCheck = 0720;
				LastUpgradeCheck = 0720;
				ORGANIZATIONNAME = Renaghan;
				TargetAttributes = {
					7603D95B1C68EF2A00D94086 = {
						CreatedOnToolsVersion = 7.2.1;
					};
				};
			};
			buildConfigurationList = 7603D9581C68EF2A00D94086 /* Build configuration list for PBXProject "imap-tools" */;
			compatibilityVersion = "Xcode 3.2";
			developmentRegion = English;
			hasScannedForEncodings = 0;
			knownRegions = (
				en,
			);
			mainGroup = 7603D9541C68EF2A00D94086;
			productRefGroup = 7603D95D1C68EF2A00D94086 /* Products */;
			projectDirPath = "";
			projectRoot = "";
			targets = (
				7603D95B1C68EF2A00D94086 /* imap-tools */,
			);
		};
/* End PBXProject section */

/* Begin PBXSourcesBuildPhase section */
		7603D9591C68EF2A00D94086 /* Sources */ = {
			isa = PBXSourcesBuildPhase;
			buildActionMask = 2147483647;
			files = (
				765B4F011C68F6E20013C5DD /* CountdownLatch.swift in Sources */,
				765B4F211C6949ED0013C5DD /* IMAPServer.swift in Sources */,
				7656F05B1C6BDEB4003DC7D4 /* StringExtensions.swift in Sources */,
				7656F05D1C6BE02E003DC7D4 /* MCOIndexSetExtension.swift in Sources */,
				765B4EF51C68EF9E0013C5DD /* main.swift in Sources */,
				765B4F1D1C6948760013C5DD /* Config.swift in Sources */,
			);
			runOnlyForDeploymentPostprocessing = 0;
		};
/* End PBXSourcesBuildPhase section */

/* Begin XCBuildConfiguration section */
		7603D9621C68EF2A00D94086 /* Debug */ = {
			isa = XCBuildConfiguration;
			buildSettings = {
				ALWAYS_SEARCH_USER_PATHS = NO;
				CLANG_CXX_LANGUAGE_STANDARD = "gnu++0x";
				CLANG_CXX_LIBRARY = "libc++";
				CLANG_ENABLE_MODULES = YES;
				CLANG_ENABLE_OBJC_ARC = YES;
				CLANG_WARN_BOOL_CONVERSION = YES;
				CLANG_WARN_CONSTANT_CONVERSION = YES;
				CLANG_WARN_DIRECT_OBJC_ISA_USAGE = YES_ERROR;
				CLANG_WARN_EMPTY_BODY = YES;
				CLANG_WARN_ENUM_CONVERSION = YES;
				CLANG_WARN_INT_CONVERSION = YES;
				CLANG_WARN_OBJC_ROOT_CLASS = YES_ERROR;
				CLANG_WARN_UNREACHABLE_CODE = YES;
				CLANG_WARN__DUPLICATE_METHOD_MATCH = YES;
				CODE_SIGN_IDENTITY = "-";
				COPY_PHASE_STRIP = NO;
				DEBUG_INFORMATION_FORMAT = dwarf;
				ENABLE_STRICT_OBJC_MSGSEND = YES;
				ENABLE_TESTABILITY = YES;
				GCC_C_LANGUAGE_STANDARD = gnu99;
				GCC_DYNAMIC_NO_PIC = NO;
				GCC_NO_COMMON_BLOCKS = YES;
				GCC_OPTIMIZATION_LEVEL = 0;
				GCC_PREPROCESSOR_DEFINITIONS = (
					"DEBUG=1",
					"$(inherited)",
				);
				GCC_WARN_64_TO_32_BIT_CONVERSION = YES;
				GCC_WARN_ABOUT_RETURN_TYPE = YES_ERROR;
				GCC_WARN_UNDECLARED_SELECTOR = YES;
				GCC_WARN_UNINITIALIZED_AUTOS = YES_AGGRESSIVE;
				GCC_WARN_UNUSED_FUNCTION = YES;
				GCC_WARN_UNUSED_VARIABLE = YES;
				MACOSX_DEPLOYMENT_TARGET = 10.11;
				MTL_ENABLE_DEBUG_INFO = YES;
				ONLY_ACTIVE_ARCH = YES;
				SDKROOT = macosx;
			};
			name = Debug;
		};
		7603D9631C68EF2A00D94086 /* Release */ = {
			isa = XCBuildConfiguration;
			buildSettings = {
				ALWAYS_SEARCH_USER_PATHS = NO;
				CLANG_CXX_LANGUAGE_STANDARD = "gnu++0x";
				CLANG_CXX_LIBRARY = "libc++";
				CLANG_ENABLE_MODULES = YES;
				CLANG_ENABLE_OBJC_ARC = YES;
				CLANG_WARN_BOOL_CONVERSION = YES;
				CLANG_WARN_CONSTANT_CONVERSION = YES;
				CLANG_WARN_DIRECT_OBJC_ISA_USAGE = YES_ERROR;
				CLANG_WARN_EMPTY_BODY = YES;
				CLANG_WARN_ENUM_CONVERSION = YES;
				CLANG_WARN_INT_CONVERSION = YES;
				CLANG_WARN_OBJC_ROOT_CLASS = YES_ERROR;
				CLANG_WARN_UNREACHABLE_CODE = YES;
				CLANG_WARN__DUPLICATE_METHOD_MATCH = YES;
				CODE_SIGN_IDENTITY = "-";
				COPY_PHASE_STRIP = NO;
				DEBUG_INFORMATION_FORMAT = "dwarf-with-dsym";
				ENABLE_NS_ASSERTIONS = NO;
				ENABLE_STRICT_OBJC_MSGSEND = YES;
				GCC_C_LANGUAGE_STANDARD = gnu99;
				GCC_NO_COMMON_BLOCKS = YES;
				GCC_WARN_64_TO_32_BIT_CONVERSION = YES;
				GCC_WARN_ABOUT_RETURN_TYPE = YES_ERROR;
				GCC_WARN_UNDECLARED_SELECTOR = YES;
				GCC_WARN_UNINITIALIZED_AUTOS = YES_AGGRESSIVE;
				GCC_WARN_UNUSED_FUNCTION = YES;
				GCC_WARN_UNUSED_VARIABLE = YES;
				MACOSX_DEPLOYMENT_TARGET = 10.11;
				MTL_ENABLE_DEBUG_INFO = NO;
				SDKROOT = macosx;
			};
			name = Release;
		};
		7603D9651C68EF2A00D94086 /* Debug */ = {
			isa = XCBuildConfiguration;
			buildSettings = {
				CLANG_ENABLE_MODULES = YES;
				FRAMEWORK_SEARCH_PATHS = (
					"$(inherited)",
					"$(PROJECT_DIR)/Carthage/Build/Mac",
				);
				INFOPLIST_FILE = "$(SRCROOT)/resource/Info.plist";
				LD_RUNPATH_SEARCH_PATHS = "$(inherited) @executable_path/Frameworks @executable_path/../Frameworks";
				PRODUCT_BUNDLE_IDENTIFIER = "com.renaghan.imap-tools";
				PRODUCT_NAME = "$(TARGET_NAME)";
				SWIFT_OBJC_BRIDGING_HEADER = "resource/imap-tools-Bridging-Header.h";
				SWIFT_OPTIMIZATION_LEVEL = "-Onone";
			};
			name = Debug;
		};
		7603D9661C68EF2A00D94086 /* Release */ = {
			isa = XCBuildConfiguration;
			buildSettings = {
				CLANG_ENABLE_MODULES = YES;
				FRAMEWORK_SEARCH_PATHS = (
					"$(inherited)",
					"$(PROJECT_DIR)/Carthage/Build/Mac",
				);
				INFOPLIST_FILE = "$(SRCROOT)/resource/Info.plist";
				LD_RUNPATH_SEARCH_PATHS = "$(inherited) @executable_path/Frameworks @executable_path/../Frameworks";
				MTL_ENABLE_DEBUG_INFO = YES;
				ONLY_ACTIVE_ARCH = NO;
				PRODUCT_BUNDLE_IDENTIFIER = "com.renaghan.imap-tools";
				PRODUCT_NAME = "$(TARGET_NAME)";
				SWIFT_OBJC_BRIDGING_HEADER = "resource/imap-tools-Bridging-Header.h";
				SWIFT_OPTIMIZATION_LEVEL = "-Onone";
			};
			name = Release;
		};
/* End XCBuildConfiguration section */

/* Begin XCConfigurationList section */
		7603D9581C68EF2A00D94086 /* Build configuration list for PBXProject "imap-tools" */ = {
			isa = XCConfigurationList;
			buildConfigurations = (
				7603D9621C68EF2A00D94086 /* Debug */,
				7603D9631C68EF2A00D94086 /* Release */,
			);
			defaultConfigurationIsVisible = 0;
			defaultConfigurationName = Release;
		};
		7603D9641C68EF2A00D94086 /* Build configuration list for PBXNativeTarget "imap-tools" */ = {
			isa = XCConfigurationList;
			buildConfigurations = (
				7603D9651C68EF2A00D94086 /* Debug */,
				7603D9661C68EF2A00D94086 /* Release */,
			);
			defaultConfigurationIsVisible = 0;
			defaultConfigurationName = Release;
		};
/* End XCConfigurationList section */
	};
	rootObject = 7603D9551C68EF2A00D94086 /* Project object */;
}
